// !$*UTF8*$!
{
	archiveVersion = 1;
	classes = {
	};
	objectVersion = 46;
	objects = {

/* Begin PBXBuildFile section */
		88E3858A1A7868BB0077849C /* main.m in Sources */ = {isa = PBXBuildFile; fileRef = 88E385891A7868BB0077849C /* main.m */; };
		88E3858D1A7868BB0077849C /* AppDelegate.m in Sources */ = {isa = PBXBuildFile; fileRef = 88E3858C1A7868BB0077849C /* AppDelegate.m */; };
		88E385901A7868BB0077849C /* ViewController.m in Sources */ = {isa = PBXBuildFile; fileRef = 88E3858F1A7868BB0077849C /* ViewController.m */; };
		88E385931A7868BB0077849C /* Main.storyboard in Resources */ = {isa = PBXBuildFile; fileRef = 88E385911A7868BB0077849C /* Main.storyboard */; };
		88E385951A7868BB0077849C /* Images.xcassets in Resources */ = {isa = PBXBuildFile; fileRef = 88E385941A7868BB0077849C /* Images.xcassets */; };
		88E385981A7868BB0077849C /* LaunchScreen.xib in Resources */ = {isa = PBXBuildFile; fileRef = 88E385961A7868BB0077849C /* LaunchScreen.xib */; };
		88E385A41A7868BB0077849C /* DemoTests.m in Sources */ = {isa = PBXBuildFile; fileRef = 88E385A31A7868BB0077849C /* DemoTests.m */; };
		88E385B01A7868DE0077849C /* SFNibLoader.m in Sources */ = {isa = PBXBuildFile; fileRef = 88E385AF1A7868DE0077849C /* SFNibLoader.m */; };
		88E385B21A7869750077849C /* MyCustomView.xib in Resources */ = {isa = PBXBuildFile; fileRef = 88E385B11A7869750077849C /* MyCustomView.xib */; };
		88E385B51A7869880077849C /* MyCustomView.m in Sources */ = {isa = PBXBuildFile; fileRef = 88E385B41A7869880077849C /* MyCustomView.m */; };
/* End PBXBuildFile section */

/* Begin PBXContainerItemProxy section */
		88E3859E1A7868BB0077849C /* PBXContainerItemProxy */ = {
			isa = PBXContainerItemProxy;
			containerPortal = 88E3857C1A7868BB0077849C /* Project object */;
			proxyType = 1;
			remoteGlobalIDString = 88E385831A7868BB0077849C;
			remoteInfo = Demo;
		};
/* End PBXContainerItemProxy section */

/* Begin PBXFileReference section */
		88E385841A7868BB0077849C /* Demo.app */ = {isa = PBXFileReference; explicitFileType = wrapper.application; includeInIndex = 0; path = Demo.app; sourceTree = BUILT_PRODUCTS_DIR; };
		88E385881A7868BB0077849C /* Info.plist */ = {isa = PBXFileReference; lastKnownFileType = text.plist.xml; path = Info.plist; sourceTree = "<group>"; };
		88E385891A7868BB0077849C /* main.m */ = {isa = PBXFileReference; lastKnownFileType = sourcecode.c.objc; path = main.m; sourceTree = "<group>"; };
		88E3858B1A7868BB0077849C /* AppDelegate.h */ = {isa = PBXFileReference; lastKnownFileType = sourcecode.c.h; path = AppDelegate.h; sourceTree = "<group>"; };
		88E3858C1A7868BB0077849C /* AppDelegate.m */ = {isa = PBXFileReference; lastKnownFileType = sourcecode.c.objc; path = AppDelegate.m; sourceTree = "<group>"; };
		88E3858E1A7868BB0077849C /* ViewController.h */ = {isa = PBXFileReference; lastKnownFileType = sourcecode.c.h; path = ViewController.h; sourceTree = "<group>"; };
		88E3858F1A7868BB0077849C /* ViewController.m */ = {isa = PBXFileReference; lastKnownFileType = sourcecode.c.objc; path = ViewController.m; sourceTree = "<group>"; };
		88E385921A7868BB0077849C /* Base */ = {isa = PBXFileReference; lastKnownFileType = file.storyboard; name = Base; path = Base.lproj/Main.storyboard; sourceTree = "<group>"; };
		88E385941A7868BB0077849C /* Images.xcassets */ = {isa = PBXFileReference; lastKnownFileType = folder.assetcatalog; path = Images.xcassets; sourceTree = "<group>"; };
		88E385971A7868BB0077849C /* Base */ = {isa = PBXFileReference; lastKnownFileType = file.xib; name = Base; path = Base.lproj/LaunchScreen.xib; sourceTree = "<group>"; };
		88E3859D1A7868BB0077849C /* DemoTests.xctest */ = {isa = PBXFileReference; explicitFileType = wrapper.cfbundle; includeInIndex = 0; path = DemoTests.xctest; sourceTree = BUILT_PRODUCTS_DIR; };
		88E385A21A7868BB0077849C /* Info.plist */ = {isa = PBXFileReference; lastKnownFileType = text.plist.xml; path = Info.plist; sourceTree = "<group>"; };
		88E385A31A7868BB0077849C /* DemoTests.m */ = {isa = PBXFileReference; lastKnownFileType = sourcecode.c.objc; path = DemoTests.m; sourceTree = "<group>"; };
		88E385AE1A7868DE0077849C /* SFNibLoader.h */ = {isa = PBXFileReference; fileEncoding = 4; lastKnownFileType = sourcecode.c.h; path = SFNibLoader.h; sourceTree = "<group>"; };
		88E385AF1A7868DE0077849C /* SFNibLoader.m */ = {isa = PBXFileReference; fileEncoding = 4; lastKnownFileType = sourcecode.c.objc; path = SFNibLoader.m; sourceTree = "<group>"; };
		88E385B11A7869750077849C /* MyCustomView.xib */ = {isa = PBXFileReference; fileEncoding = 4; lastKnownFileType = file.xib; path = MyCustomView.xib; sourceTree = "<group>"; };
		88E385B31A7869880077849C /* MyCustomView.h */ = {isa = PBXFileReference; fileEncoding = 4; lastKnownFileType = sourcecode.c.h; path = MyCustomView.h; sourceTree = "<group>"; };
		88E385B41A7869880077849C /* MyCustomView.m */ = {isa = PBXFileReference; fileEncoding = 4; lastKnownFileType = sourcecode.c.objc; path = MyCustomView.m; sourceTree = "<group>"; };
/* End PBXFileReference section */

/* Begin PBXFrameworksBuildPhase section */
		88E385811A7868BB0077849C /* Frameworks */ = {
			isa = PBXFrameworksBuildPhase;
			buildActionMask = 2147483647;
			files = (
			);
			runOnlyForDeploymentPostprocessing = 0;
		};
		88E3859A1A7868BB0077849C /* Frameworks */ = {
			isa = PBXFrameworksBuildPhase;
			buildActionMask = 2147483647;
			files = (
			);
			runOnlyForDeploymentPostprocessing = 0;
		};
/* End PBXFrameworksBuildPhase section */

/* Begin PBXGroup section */
		88E3857B1A7868BB0077849C = {
			isa = PBXGroup;
			children = (
				88E385861A7868BB0077849C /* Demo */,
				88E385A01A7868BB0077849C /* DemoTests */,
				88E385851A7868BB0077849C /* Products */,
			);
			sourceTree = "<group>";
		};
		88E385851A7868BB0077849C /* Products */ = {
			isa = PBXGroup;
			children = (
				88E385841A7868BB0077849C /* Demo.app */,
				88E3859D1A7868BB0077849C /* DemoTests.xctest */,
			);
			name = Products;
			sourceTree = "<group>";
		};
		88E385861A7868BB0077849C /* Demo */ = {
			isa = PBXGroup;
			children = (
				88E385AD1A7868DE0077849C /* Classes */,
				88E3858B1A7868BB0077849C /* AppDelegate.h */,
				88E3858C1A7868BB0077849C /* AppDelegate.m */,
				88E3858E1A7868BB0077849C /* ViewController.h */,
				88E3858F1A7868BB0077849C /* ViewController.m */,
				88E385B61A78698D0077849C /* MyCustomView */,
				88E385911A7868BB0077849C /* Main.storyboard */,
				88E385941A7868BB0077849C /* Images.xcassets */,
				88E385961A7868BB0077849C /* LaunchScreen.xib */,
				88E385871A7868BB0077849C /* Supporting Files */,
			);
			path = Demo;
			sourceTree = "<group>";
		};
		88E385871A7868BB0077849C /* Supporting Files */ = {
			isa = PBXGroup;
			children = (
				88E385881A7868BB0077849C /* Info.plist */,
				88E385891A7868BB0077849C /* main.m */,
			);
			name = "Supporting Files";
			sourceTree = "<group>";
		};
		88E385A01A7868BB0077849C /* DemoTests */ = {
			isa = PBXGroup;
			children = (
				88E385A31A7868BB0077849C /* DemoTests.m */,
				88E385A11A7868BB0077849C /* Supporting Files */,
			);
			path = DemoTests;
			sourceTree = "<group>";
		};
		88E385A11A7868BB0077849C /* Supporting Files */ = {
			isa = PBXGroup;
			children = (
				88E385A21A7868BB0077849C /* Info.plist */,
			);
			name = "Supporting Files";
			sourceTree = "<group>";
		};
		88E385AD1A7868DE0077849C /* Classes */ = {
			isa = PBXGroup;
			children = (
				88E385AE1A7868DE0077849C /* SFNibLoader.h */,
				88E385AF1A7868DE0077849C /* SFNibLoader.m */,
			);
			name = Classes;
			path = ../../Classes;
			sourceTree = "<group>";
		};
		88E385B61A78698D0077849C /* MyCustomView */ = {
			isa = PBXGroup;
			children = (
				88E385B11A7869750077849C /* MyCustomView.xib */,
				88E385B31A7869880077849C /* MyCustomView.h */,
				88E385B41A7869880077849C /* MyCustomView.m */,
			);
			name = MyCustomView;
			sourceTree = "<group>";
		};
/* End PBXGroup section */

/* Begin PBXNativeTarget section */
		88E385831A7868BB0077849C /* Demo */ = {
			isa = PBXNativeTarget;
			buildConfigurationList = 88E385A71A7868BB0077849C /* Build configuration list for PBXNativeTarget "Demo" */;
			buildPhases = (
				88E385801A7868BB0077849C /* Sources */,
				88E385811A7868BB0077849C /* Frameworks */,
				88E385821A7868BB0077849C /* Resources */,
			);
			buildRules = (
			);
			dependencies = (
			);
			name = Demo;
			productName = Demo;
			productReference = 88E385841A7868BB0077849C /* Demo.app */;
			productType = "com.apple.product-type.application";
		};
		88E3859C1A7868BB0077849C /* DemoTests */ = {
			isa = PBXNativeTarget;
			buildConfigurationList = 88E385AA1A7868BB0077849C /* Build configuration list for PBXNativeTarget "DemoTests" */;
			buildPhases = (
				88E385991A7868BB0077849C /* Sources */,
				88E3859A1A7868BB0077849C /* Frameworks */,
				88E3859B1A7868BB0077849C /* Resources */,
			);
			buildRules = (
			);
			dependencies = (
				88E3859F1A7868BB0077849C /* PBXTargetDependency */,
			);
			name = DemoTests;
			productName = DemoTests;
			productReference = 88E3859D1A7868BB0077849C /* DemoTests.xctest */;
			productType = "com.apple.product-type.bundle.unit-test";
		};
/* End PBXNativeTarget section */

/* Begin PBXProject section */
		88E3857C1A7868BB0077849C /* Project object */ = {
			isa = PBXProject;
			attributes = {
				LastUpgradeCheck = 0610;
				ORGANIZATIONNAME = "Simone Ferrini";
				TargetAttributes = {
					88E385831A7868BB0077849C = {
						CreatedOnToolsVersion = 6.1.1;
					};
					88E3859C1A7868BB0077849C = {
						CreatedOnToolsVersion = 6.1.1;
						TestTargetID = 88E385831A7868BB0077849C;
					};
				};
			};
			buildConfigurationList = 88E3857F1A7868BB0077849C /* Build configuration list for PBXProject "Demo" */;
			compatibilityVersion = "Xcode 3.2";
			developmentRegion = English;
			hasScannedForEncodings = 0;
			knownRegions = (
				en,
				Base,
			);
			mainGroup = 88E3857B1A7868BB0077849C;
			productRefGroup = 88E385851A7868BB0077849C /* Products */;
			projectDirPath = "";
			projectRoot = "";
			targets = (
				88E385831A7868BB0077849C /* Demo */,
				88E3859C1A7868BB0077849C /* DemoTests */,
			);
		};
/* End PBXProject section */

/* Begin PBXResourcesBuildPhase section */
		88E385821A7868BB0077849C /* Resources */ = {
			isa = PBXResourcesBuildPhase;
			buildActionMask = 2147483647;
			files = (
				88E385931A7868BB0077849C /* Main.storyboard in Resources */,
				88E385B21A7869750077849C /* MyCustomView.xib in Resources */,
				88E385981A7868BB0077849C /* LaunchScreen.xib in Resources */,
				88E385951A7868BB0077849C /* Images.xcassets in Resources */,
			);
			runOnlyForDeploymentPostprocessing = 0;
		};
		88E3859B1A7868BB0077849C /* Resources */ = {
			isa = PBXResourcesBuildPhase;
			buildActionMask = 2147483647;
			files = (
			);
			runOnlyForDeploymentPostprocessing = 0;
		};
/* End PBXResourcesBuildPhase section */

/* Begin PBXSourcesBuildPhase section */
		88E385801A7868BB0077849C /* Sources */ = {
			isa = PBXSourcesBuildPhase;
			buildActionMask = 2147483647;
			files = (
				88E385901A7868BB0077849C /* ViewController.m in Sources */,
				88E385B01A7868DE0077849C /* SFNibLoader.m in Sources */,
				88E3858D1A7868BB0077849C /* AppDelegate.m in Sources */,
				88E385B51A7869880077849C /* MyCustomView.m in Sources */,
				88E3858A1A7868BB0077849C /* main.m in Sources */,
			);
			runOnlyForDeploymentPostprocessing = 0;
		};
		88E385991A7868BB0077849C /* Sources */ = {
			isa = PBXSourcesBuildPhase;
			buildActionMask = 2147483647;
			files = (
				88E385A41A7868BB0077849C /* DemoTests.m in Sources */,
			);
			runOnlyForDeploymentPostprocessing = 0;
		};
/* End PBXSourcesBuildPhase section */

/* Begin PBXTargetDependency section */
		88E3859F1A7868BB0077849C /* PBXTargetDependency */ = {
			isa = PBXTargetDependency;
			target = 88E385831A7868BB0077849C /* Demo */;
			targetProxy = 88E3859E1A7868BB0077849C /* PBXContainerItemProxy */;
		};
/* End PBXTargetDependency section */

/* Begin PBXVariantGroup section */
		88E385911A7868BB0077849C /* Main.storyboard */ = {
			isa = PBXVariantGroup;
			children = (
				88E385921A7868BB0077849C /* Base */,
			);
			name = Main.storyboard;
			sourceTree = "<group>";
		};
		88E385961A7868BB0077849C /* LaunchScreen.xib */ = {
			isa = PBXVariantGroup;
			children = (
				88E385971A7868BB0077849C /* Base */,
			);
			name = LaunchScreen.xib;
			sourceTree = "<group>";
		};
/* End PBXVariantGroup section */

/* Begin XCBuildConfiguration section */
		88E385A51A7868BB0077849C /* Debug */ = {
			isa = XCBuildConfiguration;
			buildSettings = {
				ALWAYS_SEARCH_USER_PATHS = NO;
				CLANG_CXX_LANGUAGE_STANDARD = "gnu++0x";
				CLANG_CXX_LIBRARY = "libc++";
				CLANG_ENABLE_MODULES = YES;
				CLANG_ENABLE_OBJC_ARC = YES;
				CLANG_WARN_BOOL_CONVERSION = YES;
				CLANG_WARN_CONSTANT_CONVERSION = YES;
				CLANG_WARN_DIRECT_OBJC_ISA_USAGE = YES_ERROR;
				CLANG_WARN_EMPTY_BODY = YES;
				CLANG_WARN_ENUM_CONVERSION = YES;
				CLANG_WARN_INT_CONVERSION = YES;
				CLANG_WARN_OBJC_ROOT_CLASS = YES_ERROR;
				CLANG_WARN_UNREACHABLE_CODE = YES;
				CLANG_WARN__DUPLICATE_METHOD_MATCH = YES;
				"CODE_SIGN_IDENTITY[sdk=iphoneos*]" = "iPhone Developer";
				COPY_PHASE_STRIP = NO;
				ENABLE_STRICT_OBJC_MSGSEND = YES;
				GCC_C_LANGUAGE_STANDARD = gnu99;
				GCC_DYNAMIC_NO_PIC = NO;
				GCC_OPTIMIZATION_LEVEL = 0;
				GCC_PREPROCESSOR_DEFINITIONS = (
					"DEBUG=1",
					"$(inherited)",
				);
				GCC_SYMBOLS_PRIVATE_EXTERN = NO;
				GCC_WARN_64_TO_32_BIT_CONVERSION = YES;
				GCC_WARN_ABOUT_RETURN_TYPE = YES_ERROR;
				GCC_WARN_UNDECLARED_SELECTOR = YES;
				GCC_WARN_UNINITIALIZED_AUTOS = YES_AGGRESSIVE;
				GCC_WARN_UNUSED_FUNCTION = YES;
				GCC_WARN_UNUSED_VARIABLE = YES;
				IPHONEOS_DEPLOYMENT_TARGET = 8.1;
				MTL_ENABLE_DEBUG_INFO = YES;
				ONLY_ACTIVE_ARCH = YES;
				SDKROOT = iphoneos;
			};
			name = Debug;
		};
		88E385A61A7868BB0077849C /* Release */ = {
			isa = XCBuildConfiguration;
			buildSettings = {
				ALWAYS_SEARCH_USER_PATHS = NO;
				CLANG_CXX_LANGUAGE_STANDARD = "gnu++0x";
				CLANG_CXX_LIBRARY = "libc++";
				CLANG_ENABLE_MODULES = YES;
				CLANG_ENABLE_OBJC_ARC = YES;
				CLANG_WARN_BOOL_CONVERSION = YES;
				CLANG_WARN_CONSTANT_CONVERSION = YES;
				CLANG_WARN_DIRECT_OBJC_ISA_USAGE = YES_ERROR;
				CLANG_WARN_EMPTY_BODY = YES;
				CLANG_WARN_ENUM_CONVERSION = YES;
				CLANG_WARN_INT_CONVERSION = YES;
				CLANG_WARN_OBJC_ROOT_CLASS = YES_ERROR;
				CLANG_WARN_UNREACHABLE_CODE = YES;
				CLANG_WARN__DUPLICATE_METHOD_MATCH = YES;
				"CODE_SIGN_IDENTITY[sdk=iphoneos*]" = "iPhone Developer";
				COPY_PHASE_STRIP = YES;
				ENABLE_NS_ASSERTIONS = NO;
				ENABLE_STRICT_OBJC_MSGSEND = YES;
				GCC_C_LANGUAGE_STANDARD = gnu99;
				GCC_WARN_64_TO_32_BIT_CONVERSION = YES;
				GCC_WARN_ABOUT_RETURN_TYPE = YES_ERROR;
				GCC_WARN_UNDECLARED_SELECTOR = YES;
				GCC_WARN_UNINITIALIZED_AUTOS = YES_AGGRESSIVE;
				GCC_WARN_UNUSED_FUNCTION = YES;
				GCC_WARN_UNUSED_VARIABLE = YES;
				IPHONEOS_DEPLOYMENT_TARGET = 8.1;
				MTL_ENABLE_DEBUG_INFO = NO;
				SDKROOT = iphoneos;
				VALIDATE_PRODUCT = YES;
			};
			name = Release;
		};
		88E385A81A7868BB0077849C /* Debug */ = {
			isa = XCBuildConfiguration;
			buildSettings = {
				ASSETCATALOG_COMPILER_APPICON_NAME = AppIcon;
				INFOPLIST_FILE = Demo/Info.plist;
				LD_RUNPATH_SEARCH_PATHS = "$(inherited) @executable_path/Frameworks";
				PRODUCT_NAME = "$(TARGET_NAME)";
			};
			name = Debug;
		};
		88E385A91A7868BB0077849C /* Release */ = {
			isa = XCBuildConfiguration;
			buildSettings = {
				ASSETCATALOG_COMPILER_APPICON_NAME = AppIcon;
				INFOPLIST_FILE = Demo/Info.plist;
				LD_RUNPATH_SEARCH_PATHS = "$(inherited) @executable_path/Frameworks";
				PRODUCT_NAME = "$(TARGET_NAME)";
			};
			name = Release;
		};
		88E385AB1A7868BB0077849C /* Debug */ = {
			isa = XCBuildConfiguration;
			buildSettings = {
				BUNDLE_LOADER = "$(TEST_HOST)";
				FRAMEWORK_SEARCH_PATHS = (
					"$(SDKROOT)/Developer/Library/Frameworks",
					"$(inherited)",
				);
				GCC_PREPROCESSOR_DEFINITIONS = (
					"DEBUG=1",
					"$(inherited)",
				);
				INFOPLIST_FILE = DemoTests/Info.plist;
				LD_RUNPATH_SEARCH_PATHS = "$(inherited) @executable_path/Frameworks @loader_path/Frameworks";
				PRODUCT_NAME = "$(TARGET_NAME)";
				TEST_HOST = "$(BUILT_PRODUCTS_DIR)/Demo.app/Demo";
			};
			name = Debug;
		};
		88E385AC1A7868BB0077849C /* Release */ = {
			isa = XCBuildConfiguration;
			buildSettings = {
				BUNDLE_LOADER = "$(TEST_HOST)";
				FRAMEWORK_SEARCH_PATHS = (
					"$(SDKROOT)/Developer/Library/Frameworks",
					"$(inherited)",
				);
				INFOPLIST_FILE = DemoTests/Info.plist;
				LD_RUNPATH_SEARCH_PATHS = "$(inherited) @executable_path/Frameworks @loader_path/Frameworks";
				PRODUCT_NAME = "$(TARGET_NAME)";
				TEST_HOST = "$(BUILT_PRODUCTS_DIR)/Demo.app/Demo";
			};
			name = Release;
		};
/* End XCBuildConfiguration section */

/* Begin XCConfigurationList section */
		88E3857F1A7868BB0077849C /* Build configuration list for PBXProject "Demo" */ = {
			isa = XCConfigurationList;
			buildConfigurations = (
				88E385A51A7868BB0077849C /* Debug */,
				88E385A61A7868BB0077849C /* Release */,
			);
			defaultConfigurationIsVisible = 0;
			defaultConfigurationName = Release;
		};
		88E385A71A7868BB0077849C /* Build configuration list for PBXNativeTarget "Demo" */ = {
			isa = XCConfigurationList;
			buildConfigurations = (
				88E385A81A7868BB0077849C /* Debug */,
				88E385A91A7868BB0077849C /* Release */,
			);
			defaultConfigurationIsVisible = 0;
		};
		88E385AA1A7868BB0077849C /* Build configuration list for PBXNativeTarget "DemoTests" */ = {
			isa = XCConfigurationList;
			buildConfigurations = (
				88E385AB1A7868BB0077849C /* Debug */,
				88E385AC1A7868BB0077849C /* Release */,
			);
			defaultConfigurationIsVisible = 0;
		};
/* End XCConfigurationList section */
	};
	rootObject = 88E3857C1A7868BB0077849C /* Project object */;
}
